{
    "_readme": [
        "This file locks the dependencies of your project to a known state",
        "Read more about it at https://getcomposer.org/doc/01-basic-usage.md#installing-dependencies",
        "This file is @generated automatically"
    ],
    "content-hash": "437271e13a92b2702c2813766a1201bb",
    "packages": [
        {
            "name": "filp/whoops",
            "version": "2.3.1",
            "source": {
                "type": "git",
                "url": "https://github.com/filp/whoops.git",
                "reference": "bc0fd11bc455cc20ee4b5edabc63ebbf859324c7"
            },
            "dist": {
                "type": "zip",
                "url": "https://api.github.com/repos/filp/whoops/zipball/bc0fd11bc455cc20ee4b5edabc63ebbf859324c7",
                "reference": "bc0fd11bc455cc20ee4b5edabc63ebbf859324c7",
                "shasum": ""
            },
            "require": {
                "php": "^5.5.9 || ^7.0",
                "psr/log": "^1.0.1"
            },
            "require-dev": {
                "mockery/mockery": "^0.9 || ^1.0",
                "phpunit/phpunit": "^4.8.35 || ^5.7",
                "symfony/var-dumper": "^2.6 || ^3.0 || ^4.0"
            },
            "suggest": {
                "symfony/var-dumper": "Pretty print complex values better with var-dumper available",
                "whoops/soap": "Formats errors as SOAP responses"
            },
            "type": "library",
            "extra": {
                "branch-alias": {
                    "dev-master": "2.2-dev"
                }
            },
            "autoload": {
                "psr-4": {
                    "Whoops\\": "src/Whoops/"
                }
            },
            "notification-url": "https://packagist.org/downloads/",
            "license": [
                "MIT"
            ],
            "authors": [
                {
                    "name": "Filipe Dobreira",
                    "homepage": "https://github.com/filp",
                    "role": "Developer"
                }
            ],
            "description": "php error handling for cool kids",
            "homepage": "https://filp.github.io/whoops/",
            "keywords": [
                "error",
                "exception",
                "handling",
                "library",
                "throwable",
                "whoops"
            ],
            "time": "2018-10-23T09:00:00+00:00"
        },
        {
            "name": "mustache/mustache",
            "version": "dev-master",
            "source": {
                "type": "git",
                "url": "https://github.com/bobthecow/mustache.php.git",
                "reference": "fe8fe72e9d580591854de404cc59a1b83ca4d19e"
            },
            "dist": {
                "type": "zip",
                "url": "https://api.github.com/repos/bobthecow/mustache.php/zipball/fe8fe72e9d580591854de404cc59a1b83ca4d19e",
                "reference": "fe8fe72e9d580591854de404cc59a1b83ca4d19e",
                "shasum": ""
            },
            "require": {
                "php": ">=5.2.4"
            },
            "require-dev": {
                "friendsofphp/php-cs-fixer": "~1.11",
                "phpunit/phpunit": "~3.7|~4.0|~5.0"
            },
            "type": "library",
            "autoload": {
                "psr-0": {
                    "Mustache": "src/"
                }
            },
            "notification-url": "https://packagist.org/downloads/",
            "license": [
                "MIT"
            ],
            "authors": [
                {
                    "name": "Justin Hileman",
                    "email": "justin@justinhileman.info",
                    "homepage": "http://justinhileman.com"
                }
            ],
            "description": "A Mustache implementation in PHP.",
            "homepage": "https://github.com/bobthecow/mustache.php",
            "keywords": [
                "mustache",
                "templating"
            ],
            "time": "2017-07-11T12:54:05+00:00"
        },
        {
            "name": "nikic/fast-route",
            "version": "dev-master",
            "source": {
                "type": "git",
                "url": "https://github.com/nikic/FastRoute.git",
                "reference": "66cc306f8360f4d9a7a5b9ad8b3c9a85d12b6e5c"
            },
            "dist": {
                "type": "zip",
                "url": "https://api.github.com/repos/nikic/FastRoute/zipball/66cc306f8360f4d9a7a5b9ad8b3c9a85d12b6e5c",
                "reference": "66cc306f8360f4d9a7a5b9ad8b3c9a85d12b6e5c",
                "shasum": ""
            },
            "require": {
                "php": ">=5.4.0"
            },
            "require-dev": {
                "phpunit/phpunit": "^4.8.35|~5.7"
            },
            "type": "library",
            "extra": {
                "branch-alias": {
                    "dev-master": "2.0-dev"
                }
            },
            "autoload": {
                "psr-4": {
                    "FastRoute\\": "src/"
                },
                "files": [
                    "src/functions.php"
                ]
            },
            "notification-url": "https://packagist.org/downloads/",
            "license": [
                "BSD-3-Clause"
            ],
            "authors": [
                {
                    "name": "Nikita Popov",
                    "email": "nikic@php.net"
                }
            ],
            "description": "Fast request router for PHP",
            "keywords": [
                "router",
                "routing"
            ],
            "time": "2018-09-18T16:24:33+00:00"
        },
        {
            "name": "patricklouys/http",
            "version": "dev-master",
            "source": {
                "type": "git",
                "url": "https://github.com/PatrickLouys/http.git",
                "reference": "6321602a8be45c5159f1f0099c60a72c8efdb825"
            },
            "dist": {
                "type": "zip",
                "url": "https://api.github.com/repos/PatrickLouys/http/zipball/6321602a8be45c5159f1f0099c60a72c8efdb825",
                "reference": "6321602a8be45c5159f1f0099c60a72c8efdb825",
                "shasum": ""
            },
            "require": {
                "php": ">=5.5.0"
            },
            "require-dev": {
                "phpunit/phpunit": "4.0.*"
            },
            "type": "library",
            "autoload": {
                "psr-4": {
                    "Http\\": "src/"
                }
            },
            "notification-url": "https://packagist.org/downloads/",
            "license": [
                "MIT"
            ],
            "authors": [
                {
                    "name": "Patrick Louys",
                    "email": "patrick@louys.ch",
                    "role": "Creator / Main Developer"
                }
            ],
            "description": "HTTP Component",
            "keywords": [
                "http",
                "request",
                "response"
            ],
            "time": "2016-08-31T10:52:00+00:00"
        },
        {
            "name": "psr/log",
            "version": "dev-master",
            "source": {
                "type": "git",
                "url": "https://github.com/php-fig/log.git",
                "reference": "c4421fcac1edd5a324fda73e589a5cf96e52ffd0"
            },
            "dist": {
                "type": "zip",
                "url": "https://api.github.com/repos/php-fig/log/zipball/c4421fcac1edd5a324fda73e589a5cf96e52ffd0",
                "reference": "c4421fcac1edd5a324fda73e589a5cf96e52ffd0",
                "shasum": ""
            },
            "require": {
                "php": ">=5.3.0"
            },
            "type": "library",
            "extra": {
                "branch-alias": {
                    "dev-master": "1.1.x-dev"
                }
            },
            "autoload": {
                "psr-4": {
                    "Psr\\Log\\": "Psr/Log/"
                }
            },
            "notification-url": "https://packagist.org/downloads/",
            "license": [
                "MIT"
            ],
            "authors": [
                {
                    "name": "PHP-FIG",
                    "homepage": "http://www.php-fig.org/"
                }
            ],
            "description": "Common interface for logging libraries",
            "homepage": "https://github.com/php-fig/log",
            "keywords": [
                "log",
                "psr",
                "psr-3"
            ],
            "time": "2018-11-21T13:42:00+00:00"
        },
        {
            "name": "rdlowrey/auryn",
            "version": "dev-master",
            "source": {
                "type": "git",
                "url": "https://github.com/rdlowrey/auryn.git",
                "reference": "f48890ba64c3cf696d9c950f508c73c451f8778f"
            },
            "dist": {
                "type": "zip",
                "url": "https://api.github.com/repos/rdlowrey/auryn/zipball/f48890ba64c3cf696d9c950f508c73c451f8778f",
                "reference": "f48890ba64c3cf696d9c950f508c73c451f8778f",
                "shasum": ""
            },
            "require": {
                "php": ">=5.3.0"
            },
            "require-dev": {
                "athletic/athletic": "~0.1",
                "fabpot/php-cs-fixer": "~1.9",
                "phpunit/phpunit": "^4.8"
            },
            "type": "library",
            "autoload": {
                "psr-4": {
                    "Auryn\\": "lib/"
                }
            },
            "notification-url": "https://packagist.org/downloads/",
            "license": [
                "MIT"
            ],
            "authors": [
                {
                    "name": "Dan Ackroyd",
                    "email": "Danack@basereality.com",
                    "homepage": "http://www.basereality.com",
                    "role": "Developer"
                },
                {
                    "name": "Levi Morrison",
                    "email": "levim@php.net",
                    "homepage": "http://morrisonlevi.github.com/",
                    "role": "Developer"
                },
                {
                    "name": "Daniel Lowrey",
                    "email": "rdlowrey@gmail.com",
                    "homepage": "https://github.com/rdlowrey",
                    "role": "Creator / Main Developer"
                }
            ],
            "description": "Auryn is a dependency injector for bootstrapping object-oriented PHP applications.",
            "homepage": "https://github.com/rdlowrey/auryn",
            "keywords": [
                "dependency injection",
                "dic",
                "ioc"
            ],
            "time": "2019-02-19T17:25:32+00:00"
        },
        {
            "name": "symfony/polyfill-ctype",
            "version": "dev-master",
            "source": {
                "type": "git",
                "url": "https://github.com/symfony/polyfill-ctype.git",
                "reference": "82ebae02209c21113908c229e9883c419720738a"
            },
            "dist": {
                "type": "zip",
                "url": "https://api.github.com/repos/symfony/polyfill-ctype/zipball/82ebae02209c21113908c229e9883c419720738a",
                "reference": "82ebae02209c21113908c229e9883c419720738a",
                "shasum": ""
            },
            "require": {
                "php": ">=5.3.3"
            },
            "suggest": {
                "ext-ctype": "For best performance"
            },
            "type": "library",
            "extra": {
                "branch-alias": {
                    "dev-master": "1.11-dev"
                }
            },
            "autoload": {
                "psr-4": {
                    "Symfony\\Polyfill\\Ctype\\": ""
                },
                "files": [
                    "bootstrap.php"
                ]
            },
            "notification-url": "https://packagist.org/downloads/",
            "license": [
                "MIT"
            ],
            "authors": [
                {
                    "name": "Symfony Community",
                    "homepage": "https://symfony.com/contributors"
                },
                {
                    "name": "Gert de Pagter",
                    "email": "BackEndTea@gmail.com"
                }
            ],
            "description": "Symfony polyfill for ctype functions",
            "homepage": "https://symfony.com",
            "keywords": [
                "compatibility",
                "ctype",
                "polyfill",
                "portable"
            ],
            "time": "2019-02-06T07:57:58+00:00"
        },
        {
            "name": "symfony/polyfill-mbstring",
            "version": "dev-master",
            "source": {
                "type": "git",
                "url": "https://github.com/symfony/polyfill-mbstring.git",
                "reference": "fe5e94c604826c35a32fa832f35bd036b6799609"
            },
            "dist": {
                "type": "zip",
                "url": "https://api.github.com/repos/symfony/polyfill-mbstring/zipball/fe5e94c604826c35a32fa832f35bd036b6799609",
                "reference": "fe5e94c604826c35a32fa832f35bd036b6799609",
                "shasum": ""
            },
            "require": {
                "php": ">=5.3.3"
            },
            "suggest": {
                "ext-mbstring": "For best performance"
            },
            "type": "library",
            "extra": {
                "branch-alias": {
                    "dev-master": "1.11-dev"
                }
            },
            "autoload": {
                "psr-4": {
                    "Symfony\\Polyfill\\Mbstring\\": ""
                },
                "files": [
                    "bootstrap.php"
                ]
            },
            "notification-url": "https://packagist.org/downloads/",
            "license": [
                "MIT"
            ],
            "authors": [
                {
                    "name": "Nicolas Grekas",
                    "email": "p@tchwork.com"
                },
                {
                    "name": "Symfony Community",
                    "homepage": "https://symfony.com/contributors"
                }
            ],
            "description": "Symfony polyfill for the Mbstring extension",
            "homepage": "https://symfony.com",
            "keywords": [
                "compatibility",
                "mbstring",
                "polyfill",
                "portable",
                "shim"
            ],
            "time": "2019-02-06T07:57:58+00:00"
        },
        {
            "name": "twig/twig",
            "version": "2.x-dev",
            "source": {
                "type": "git",
                "url": "https://github.com/twigphp/Twig.git",
                "reference": "c468c93d2a9e3e5b8f4e1843e6802f1e76748aa0"
            },
            "dist": {
                "type": "zip",
                "url": "https://api.github.com/repos/twigphp/Twig/zipball/c468c93d2a9e3e5b8f4e1843e6802f1e76748aa0",
                "reference": "c468c93d2a9e3e5b8f4e1843e6802f1e76748aa0",
                "shasum": ""
            },
            "require": {
                "php": "^7.0",
                "symfony/polyfill-ctype": "^1.8",
                "symfony/polyfill-mbstring": "^1.3"
            },
            "require-dev": {
                "psr/container": "^1.0",
                "symfony/debug": "^2.7",
                "symfony/phpunit-bridge": "^3.4.19|^4.1.8"
            },
            "type": "library",
            "extra": {
                "branch-alias": {
                    "dev-master": "2.7-dev"
                }
            },
            "autoload": {
                "psr-0": {
                    "Twig_": "lib/"
                },
                "psr-4": {
                    "Twig\\": "src/"
                }
            },
            "notification-url": "https://packagist.org/downloads/",
            "license": [
                "BSD-3-Clause"
            ],
            "authors": [
                {
                    "name": "Fabien Potencier",
                    "email": "fabien@symfony.com",
                    "homepage": "http://fabien.potencier.org",
                    "role": "Lead Developer"
                },
                {
                    "name": "Armin Ronacher",
                    "email": "armin.ronacher@active-4.com",
                    "role": "Project Founder"
                },
                {
                    "name": "Twig Team",
                    "homepage": "https://twig.symfony.com/contributors",
                    "role": "Contributors"
                }
            ],
            "description": "Twig, the flexible, fast, and secure template language for PHP",
            "homepage": "https://twig.symfony.com",
            "keywords": [
                "templating"
            ],
            "time": "2019-03-22T07:50:14+00:00"
        }
    ],
    "packages-dev": [],
    "aliases": [],
    "minimum-stability": "dev",
    "stability-flags": {
        "filp/whoops": 20,
        "rdlowrey/auryn": 20,
        "nikic/fast-route": 20,
        "twig/twig": 20,
        "patricklouys/http": 20,
        "mustache/mustache": 20
    },
    "prefer-stable": false,
    "prefer-lowest": false,
    "platform": {
        "php": "^7.2"
    },
    "platform-dev": []
}
